# THIS IS AN AUTOGENERATED FILE. DO NOT EDIT THIS FILE DIRECTLY.
# yarn lockfile v1


"@google/generative-ai@^0.2.0":
  version "0.2.0"
  resolved "https://registry.yarnpkg.com/@google/generative-ai/-/generative-ai-0.2.0.tgz#423a1b20eb7942ec6932634138a94bdea1c3f045"
  integrity sha512-ivlJS7H/9YY1CMrGmcSXm7CRGDept5uvamIEZwHrInX0lA4K55U2YEjQyhRV+M0wgYix6EezEVCJzSdvxeZEkA==

"@types/flat@^5.0.5":
  version "5.0.5"
  resolved "https://registry.yarnpkg.com/@types/flat/-/flat-5.0.5.tgz#2304df0b2b1e6dde50d81f029593e0a1bc2474d3"
  integrity sha512-nPLljZQKSnac53KDUDzuzdRfGI0TDb5qPrb+SrQyN3MtdQrOnGsKniHN1iYZsJEBIVQve94Y6gNz22sgISZq+Q==

"@types/node@^20.11.16":
  version "20.11.16"
  resolved "https://registry.yarnpkg.com/@types/node/-/node-20.11.16.tgz#4411f79411514eb8e2926f036c86c9f0e4ec6708"
  integrity sha512-gKb0enTmRCzXSSUJDq6/sPcqrfCv2mkkG6Jt/clpn5eiCbKTY+SgZUxo+p8ZKMof5dCp9vHQUAB7wOUTod22wQ==
  dependencies:
    undici-types "~5.26.4"

commander@^11.1.0:
  version "11.1.0"
  resolved "https://registry.yarnpkg.com/commander/-/commander-11.1.0.tgz#62fdce76006a68e5c1ab3314dc92e800eb83d906"
  integrity sha512-yPVavfyCcRhmorC7rWlkHn15b4wDVgVmBA7kV4QVBsF7kv/9TKJAbAXVTxvTnwP8HHKjRCJDClKbciiYS7p0DQ==

dotenv@^16.4.1:
  version "16.4.1"
  resolved "https://registry.yarnpkg.com/dotenv/-/dotenv-16.4.1.tgz#1d9931f1d3e5d2959350d1250efab299561f7f11"
  integrity sha512-CjA3y+Dr3FyFDOAMnxZEGtnW9KBR2M0JvvUtXNW+dYJL5ROWxP9DUHCwgFqpMk0OXCc0ljhaNTr2w/kutYIcHQ==

flat@5.0.2:
  version "5.0.2"
  resolved "https://registry.yarnpkg.com/flat/-/flat-5.0.2.tgz#8ca6fe332069ffa9d324c327198c598259ceb241"
  integrity sha512-b6suED+5/3rTpUBdG1gupIl8MPFCAMA0QXwmljLhvCUKcUvdE4gWky9zpuGCcXHOsz4J9wPGNWq6OKpmIzz3hQ==

iso-language-codes@^2.0.0:
  version "2.0.0"
  resolved "https://registry.yarnpkg.com/iso-language-codes/-/iso-language-codes-2.0.0.tgz#2506da1becda1e5e7e9245734f4872ecbcca497a"
  integrity sha512-krdJem8Yu0DfublYzvHViZxTXGjkvqV5j8wcDzrGNgWiISW1Ow9Su5cy1R+HyuWL84zpuZ/MuYFg3fawbx9IjA==

prettier@^3.2.4:
  version "3.2.4"
  resolved "https://registry.yarnpkg.com/prettier/-/prettier-3.2.4.tgz#4723cadeac2ce7c9227de758e5ff9b14e075f283"
  integrity sha512-FWu1oLHKCrtpO1ypU6J0SbK2d9Ckwysq6bHj/uaCP26DxrPpppCLQRGVuqAxSTvhF00AcvDRyYrLNW7ocBhFFQ==

typescript@^5.1.6:
  version "5.3.3"
  resolved "https://registry.yarnpkg.com/typescript/-/typescript-5.3.3.tgz#b3ce6ba258e72e6305ba66f5c9b452aaee3ffe37"
  integrity sha512-pXWcraxM0uxAS+tN0AG/BF2TyqmHO014Z070UsJ+pFvYuRSq8KH8DmWpnbXe0pEPDHXZV3FcAbJkijJ5oNEnWw==

undici-types@~5.26.4:
  version "5.26.5"
  resolved "https://registry.yarnpkg.com/undici-types/-/undici-types-5.26.5.tgz#bcd539893d00b56e964fd2657a4866b221a65617"
  integrity sha512-JlCMO+ehdEIKqlFxk6IfVoAUVmgz7cU7zD/h9XZ0qzeosSHmUJVOzSQvvYSYWXkFXC+IfLKSIffhv0sVZup6pA==
